
Microsoft Visual Studio Solution File, Format Version 12.00
# Visual Studio Version 17
VisualStudioVersion = 17.3.32922.545
MinimumVisualStudioVersion = 10.0.40219.1
Project("{FAE04EC0-301F-11D3-BF4B-00C04F79EFBC}") = "Binary clock", "Binary clock\Binary clock.csproj", "{EC9FF1BD-7DEB-49DA-8648-281F5BE06FB3}"
EndProject
Global
	GlobalSection(SolutionConfigurationPlatforms) = preSolution
		Debug|Any CPU = Debug|Any CPU
		Release|Any CPU = Release|Any CPU
	EndGlobalSection
	GlobalSection(ProjectConfigurationPlatforms) = postSolution
		{EC9FF1BD-7DEB-49DA-8648-281F5BE06FB3}.Debug|Any CPU.ActiveCfg = Debug|Any CPU
		{EC9FF1BD-7DEB-49DA-8648-281F5BE06FB3}.Debug|Any CPU.Build.0 = Debug|Any CPU
		{EC9FF1BD-7DEB-49DA-8648-281F5BE06FB3}.Release|Any CPU.ActiveCfg = Release|Any CPU
		{EC9FF1BD-7DEB-49DA-8648-281F5BE06FB3}.Release|Any CPU.Build.0 = Release|Any CPU
	EndGlobalSection
	GlobalSection(SolutionProperties) = preSolution
		HideSolutionNode = FALSE
	EndGlobalSection
	GlobalSection(ExtensibilityGlobals) = postSolution
		SolutionGuid = {1D096352-5FC4-42DE-9700-FC025BC816F3}
	EndGlobalSection
EndGlobal
